
Microsoft Visual Studio Solution File, Format Version 12.00
# Visual Studio 15
VisualStudioVersion = 15.0.28307.329
MinimumVisualStudioVersion = 10.0.40219.1
Project("{9A19103F-16F7-4668-BE54-9A1E7A4F7556}") = "Robot.Handler", "Robot.Handler\Robot.Handler.csproj", "{4E03D5C3-350A-4862-BF7E-FBA2DD6D42C5}"
EndProject
Project("{9A19103F-16F7-4668-BE54-9A1E7A4F7556}") = "Robot.Model", "Robot.Model\Robot.Model.csproj", "{46FDF535-6CF3-4849-8AE0-CBDB3B62AAD0}"
EndProject
Project("{9A19103F-16F7-4668-BE54-9A1E7A4F7556}") = "Robot.Repository", "Robot.Repository\Robot.Repository.csproj", "{38DA82FB-0498-47E5-9643-F0CEB97E9242}"
EndProject
Project("{9A19103F-16F7-4668-BE54-9A1E7A4F7556}") = "Robot.Tests", "Robot.Tests\Robot.Tests.csproj", "{18446AD3-544F-40C2-8205-054AC5AF27A1}"
EndProject
Project("{FAE04EC0-301F-11D3-BF4B-00C04F79EFBC}") = "Robot.Service", "Robot.Service\Robot.Service.csproj", "{265CA6BE-2E10-4841-A6BA-ABBC60F88F98}"
EndProject
Project("{FAE04EC0-301F-11D3-BF4B-00C04F79EFBC}") = "Robot.API", "Robot.API\Robot.API.csproj", "{70907DAF-88BB-4D0F-B4CD-987C0028BDE4}"
EndProject
Project("{FAE04EC0-301F-11D3-BF4B-00C04F79EFBC}") = "Robot.Contract", "Robot.Contract\Robot.Contract.csproj", "{8FE13AA1-5151-4E02-95B7-FDD837D01826}"
EndProject
Global
	GlobalSection(SolutionConfigurationPlatforms) = preSolution
		Debug|Any CPU = Debug|Any CPU
		Release|Any CPU = Release|Any CPU
	EndGlobalSection
	GlobalSection(ProjectConfigurationPlatforms) = postSolution
		{4E03D5C3-350A-4862-BF7E-FBA2DD6D42C5}.Debug|Any CPU.ActiveCfg = Debug|Any CPU
		{4E03D5C3-350A-4862-BF7E-FBA2DD6D42C5}.Debug|Any CPU.Build.0 = Debug|Any CPU
		{4E03D5C3-350A-4862-BF7E-FBA2DD6D42C5}.Release|Any CPU.ActiveCfg = Release|Any CPU
		{4E03D5C3-350A-4862-BF7E-FBA2DD6D42C5}.Release|Any CPU.Build.0 = Release|Any CPU
		{46FDF535-6CF3-4849-8AE0-CBDB3B62AAD0}.Debug|Any CPU.ActiveCfg = Debug|Any CPU
		{46FDF535-6CF3-4849-8AE0-CBDB3B62AAD0}.Debug|Any CPU.Build.0 = Debug|Any CPU
		{46FDF535-6CF3-4849-8AE0-CBDB3B62AAD0}.Release|Any CPU.ActiveCfg = Release|Any CPU
		{46FDF535-6CF3-4849-8AE0-CBDB3B62AAD0}.Release|Any CPU.Build.0 = Release|Any CPU
		{38DA82FB-0498-47E5-9643-F0CEB97E9242}.Debug|Any CPU.ActiveCfg = Debug|Any CPU
		{38DA82FB-0498-47E5-9643-F0CEB97E9242}.Debug|Any CPU.Build.0 = Debug|Any CPU
		{38DA82FB-0498-47E5-9643-F0CEB97E9242}.Release|Any CPU.ActiveCfg = Release|Any CPU
		{38DA82FB-0498-47E5-9643-F0CEB97E9242}.Release|Any CPU.Build.0 = Release|Any CPU
		{18446AD3-544F-40C2-8205-054AC5AF27A1}.Debug|Any CPU.ActiveCfg = Debug|Any CPU
		{18446AD3-544F-40C2-8205-054AC5AF27A1}.Debug|Any CPU.Build.0 = Debug|Any CPU
		{18446AD3-544F-40C2-8205-054AC5AF27A1}.Release|Any CPU.ActiveCfg = Release|Any CPU
		{18446AD3-544F-40C2-8205-054AC5AF27A1}.Release|Any CPU.Build.0 = Release|Any CPU
		{265CA6BE-2E10-4841-A6BA-ABBC60F88F98}.Debug|Any CPU.ActiveCfg = Debug|Any CPU
		{265CA6BE-2E10-4841-A6BA-ABBC60F88F98}.Debug|Any CPU.Build.0 = Debug|Any CPU
		{265CA6BE-2E10-4841-A6BA-ABBC60F88F98}.Release|Any CPU.ActiveCfg = Release|Any CPU
		{265CA6BE-2E10-4841-A6BA-ABBC60F88F98}.Release|Any CPU.Build.0 = Release|Any CPU
		{70907DAF-88BB-4D0F-B4CD-987C0028BDE4}.Debug|Any CPU.ActiveCfg = Debug|Any CPU
		{70907DAF-88BB-4D0F-B4CD-987C0028BDE4}.Debug|Any CPU.Build.0 = Debug|Any CPU
		{70907DAF-88BB-4D0F-B4CD-987C0028BDE4}.Release|Any CPU.ActiveCfg = Release|Any CPU
		{70907DAF-88BB-4D0F-B4CD-987C0028BDE4}.Release|Any CPU.Build.0 = Release|Any CPU
		{8FE13AA1-5151-4E02-95B7-FDD837D01826}.Debug|Any CPU.ActiveCfg = Debug|Any CPU
		{8FE13AA1-5151-4E02-95B7-FDD837D01826}.Debug|Any CPU.Build.0 = Debug|Any CPU
		{8FE13AA1-5151-4E02-95B7-FDD837D01826}.Release|Any CPU.ActiveCfg = Release|Any CPU
		{8FE13AA1-5151-4E02-95B7-FDD837D01826}.Release|Any CPU.Build.0 = Release|Any CPU
	EndGlobalSection
	GlobalSection(SolutionProperties) = preSolution
		HideSolutionNode = FALSE
	EndGlobalSection
	GlobalSection(ExtensibilityGlobals) = postSolution
		SolutionGuid = {AE99B94B-159C-4E29-8030-4BEBEF9541D6}
	EndGlobalSection
EndGlobal
