
Microsoft Visual Studio Solution File, Format Version 12.00
# Visual Studio 15
VisualStudioVersion = 15.0.28307.329
MinimumVisualStudioVersion = 10.0.40219.1
Project("{FAE04EC0-301F-11D3-BF4B-00C04F79EFBC}") = "Robot", "Robot\Robot.csproj", "{819A8CDE-0471-441E-AE11-5E6CE3F6E6BE}"
EndProject
Global
	GlobalSection(SolutionConfigurationPlatforms) = preSolution
		Debug|Any CPU = Debug|Any CPU
		Release|Any CPU = Release|Any CPU
	EndGlobalSection
	GlobalSection(ProjectConfigurationPlatforms) = postSolution
		{819A8CDE-0471-441E-AE11-5E6CE3F6E6BE}.Debug|Any CPU.ActiveCfg = Debug|Any CPU
		{819A8CDE-0471-441E-AE11-5E6CE3F6E6BE}.Debug|Any CPU.Build.0 = Debug|Any CPU
		{819A8CDE-0471-441E-AE11-5E6CE3F6E6BE}.Release|Any CPU.ActiveCfg = Release|Any CPU
		{819A8CDE-0471-441E-AE11-5E6CE3F6E6BE}.Release|Any CPU.Build.0 = Release|Any CPU
	EndGlobalSection
	GlobalSection(SolutionProperties) = preSolution
		HideSolutionNode = FALSE
	EndGlobalSection
	GlobalSection(ExtensibilityGlobals) = postSolution
		SolutionGuid = {AE99B94B-159C-4E29-8030-4BEBEF9541D6}
	EndGlobalSection
EndGlobal
